// !$*UTF8*$!
{
	archiveVersion = 1;
	classes = {
	};
	objectVersion = 46;
	objects = {

/* Begin PBXBuildFile section */
		294382C518E6593600D7323A /* launch_768x1024@2x.png in Resources */ = {isa = PBXBuildFile; fileRef = 294382C418E6593600D7323A /* launch_768x1024@2x.png */; };
		294382C718E683C700D7323A /* home-header.png in Resources */ = {isa = PBXBuildFile; fileRef = 294382C618E683C700D7323A /* home-header.png */; };
		29729EC218E658B3003D8BE3 /* launch_768x1024.png in Resources */ = {isa = PBXBuildFile; fileRef = 29729EBE18E658B3003D8BE3 /* launch_768x1024.png */; };
		29729EC418E658B3003D8BE3 /* launch_1024x768.png in Resources */ = {isa = PBXBuildFile; fileRef = 29729EC018E658B3003D8BE3 /* launch_1024x768.png */; };
		29729EC518E658B3003D8BE3 /* launch_1024x768@2x.png in Resources */ = {isa = PBXBuildFile; fileRef = 29729EC118E658B3003D8BE3 /* launch_1024x768@2x.png */; };
		297B955B18E3DC10004D0510 /* ergosphere_logo_76x76.png in Resources */ = {isa = PBXBuildFile; fileRef = 297B955A18E3DC10004D0510 /* ergosphere_logo_76x76.png */; };
		297B955D18E3DCEE004D0510 /* ergosphere_logo_120x120.png in Resources */ = {isa = PBXBuildFile; fileRef = 297B955C18E3DCEE004D0510 /* ergosphere_logo_120x120.png */; };
		297B955F18E3DD31004D0510 /* ergosphere_logo_152x152.png in Resources */ = {isa = PBXBuildFile; fileRef = 297B955E18E3DD31004D0510 /* ergosphere_logo_152x152.png */; };
		297B956118E3DDB5004D0510 /* ergosphere_logo_80x80.png in Resources */ = {isa = PBXBuildFile; fileRef = 297B956018E3DDB5004D0510 /* ergosphere_logo_80x80.png */; };
		297B956318E3DDD6004D0510 /* ergosphere_logo_40x40.png in Resources */ = {isa = PBXBuildFile; fileRef = 297B956218E3DDD6004D0510 /* ergosphere_logo_40x40.png */; };
		297B956518E3DDF4004D0510 /* ergosphere_logo_58x58.png in Resources */ = {isa = PBXBuildFile; fileRef = 297B956418E3DDF4004D0510 /* ergosphere_logo_58x58.png */; };
		297B956718E3DE10004D0510 /* ergosphere_logo_29x29.png in Resources */ = {isa = PBXBuildFile; fileRef = 297B956618E3DE10004D0510 /* ergosphere_logo_29x29.png */; };
		29811BDE18E211000022FC32 /* Foundation.framework in Frameworks */ = {isa = PBXBuildFile; fileRef = 29811BDD18E211000022FC32 /* Foundation.framework */; };
		29811BE018E211000022FC32 /* CoreGraphics.framework in Frameworks */ = {isa = PBXBuildFile; fileRef = 29811BDF18E211000022FC32 /* CoreGraphics.framework */; };
		29811BE218E211000022FC32 /* UIKit.framework in Frameworks */ = {isa = PBXBuildFile; fileRef = 29811BE118E211000022FC32 /* UIKit.framework */; };
		29811BE818E211000022FC32 /* InfoPlist.strings in Resources */ = {isa = PBXBuildFile; fileRef = 29811BE618E211000022FC32 /* InfoPlist.strings */; };
		29811BEA18E211000022FC32 /* main.m in Sources */ = {isa = PBXBuildFile; fileRef = 29811BE918E211000022FC32 /* main.m */; };
		29811BEE18E211000022FC32 /* AppDelegate.m in Sources */ = {isa = PBXBuildFile; fileRef = 29811BED18E211000022FC32 /* AppDelegate.m */; };
		29811BF118E211000022FC32 /* Main_iPhone.storyboard in Resources */ = {isa = PBXBuildFile; fileRef = 29811BEF18E211000022FC32 /* Main_iPhone.storyboard */; };
		29811BF418E211000022FC32 /* Main_iPad.storyboard in Resources */ = {isa = PBXBuildFile; fileRef = 29811BF218E211000022FC32 /* Main_iPad.storyboard */; };
		29811BF718E211000022FC32 /* ViewController.m in Sources */ = {isa = PBXBuildFile; fileRef = 29811BF618E211000022FC32 /* ViewController.m */; };
		29811BF918E211000022FC32 /* Images.xcassets in Resources */ = {isa = PBXBuildFile; fileRef = 29811BF818E211000022FC32 /* Images.xcassets */; };
		29811C0018E211000022FC32 /* XCTest.framework in Frameworks */ = {isa = PBXBuildFile; fileRef = 29811BFF18E211000022FC32 /* XCTest.framework */; };
		29811C0118E211000022FC32 /* Foundation.framework in Frameworks */ = {isa = PBXBuildFile; fileRef = 29811BDD18E211000022FC32 /* Foundation.framework */; };
		29811C0218E211000022FC32 /* UIKit.framework in Frameworks */ = {isa = PBXBuildFile; fileRef = 29811BE118E211000022FC32 /* UIKit.framework */; };
		29811C0A18E211000022FC32 /* InfoPlist.strings in Resources */ = {isa = PBXBuildFile; fileRef = 29811C0818E211000022FC32 /* InfoPlist.strings */; };
		29811C0C18E211000022FC32 /* ErgosphereTests.m in Sources */ = {isa = PBXBuildFile; fileRef = 29811C0B18E211000022FC32 /* ErgosphereTests.m */; };
		2999276418E7CE330041DF8E /* TopicDetailViewController.m in Sources */ = {isa = PBXBuildFile; fileRef = 2999276318E7CE330041DF8E /* TopicDetailViewController.m */; };
		299CE81618E3D32000A910A9 /* ergosphere_logo.png in Resources */ = {isa = PBXBuildFile; fileRef = 299CE81518E3D32000A910A9 /* ergosphere_logo.png */; };
		29A7470518E2119B002B8332 /* PixateFreestyle.framework in Frameworks */ = {isa = PBXBuildFile; fileRef = 29A742B318E21198002B8332 /* PixateFreestyle.framework */; };
		29A74ACF18E21359002B8332 /* default.css in Resources */ = {isa = PBXBuildFile; fileRef = 29A74ACE18E21359002B8332 /* default.css */; };
		29E66E3418EBA2E30084ABE3 /* launch_640x960.png in Resources */ = {isa = PBXBuildFile; fileRef = 29E66E3318EBA2E30084ABE3 /* launch_640x960.png */; };
		29E66E3618EBA32C0084ABE3 /* launch_640x1136.png in Resources */ = {isa = PBXBuildFile; fileRef = 29E66E3518EBA32C0084ABE3 /* launch_640x1136.png */; };
/* End PBXBuildFile section */

/* Begin PBXContainerItemProxy section */
		29811C0318E211000022FC32 /* PBXContainerItemProxy */ = {
			isa = PBXContainerItemProxy;
			containerPortal = 29811BD218E211000022FC32 /* Project object */;
			proxyType = 1;
			remoteGlobalIDString = 29811BD918E211000022FC32;
			remoteInfo = Ergosphere;
		};
/* End PBXContainerItemProxy section */

/* Begin PBXFileReference section */
		294382C418E6593600D7323A /* launch_768x1024@2x.png */ = {isa = PBXFileReference; lastKnownFileType = image.png; path = "launch_768x1024@2x.png"; sourceTree = "<group>"; };
		294382C618E683C700D7323A /* home-header.png */ = {isa = PBXFileReference; lastKnownFileType = image.png; path = "home-header.png"; sourceTree = "<group>"; };
		29729EBE18E658B3003D8BE3 /* launch_768x1024.png */ = {isa = PBXFileReference; lastKnownFileType = image.png; path = launch_768x1024.png; sourceTree = "<group>"; };
		29729EC018E658B3003D8BE3 /* launch_1024x768.png */ = {isa = PBXFileReference; lastKnownFileType = image.png; path = launch_1024x768.png; sourceTree = "<group>"; };
		29729EC118E658B3003D8BE3 /* launch_1024x768@2x.png */ = {isa = PBXFileReference; lastKnownFileType = image.png; path = "launch_1024x768@2x.png"; sourceTree = "<group>"; };
		297B955A18E3DC10004D0510 /* ergosphere_logo_76x76.png */ = {isa = PBXFileReference; lastKnownFileType = image.png; path = ergosphere_logo_76x76.png; sourceTree = "<group>"; };
		297B955C18E3DCEE004D0510 /* ergosphere_logo_120x120.png */ = {isa = PBXFileReference; lastKnownFileType = image.png; path = ergosphere_logo_120x120.png; sourceTree = "<group>"; };
		297B955E18E3DD31004D0510 /* ergosphere_logo_152x152.png */ = {isa = PBXFileReference; lastKnownFileType = image.png; path = ergosphere_logo_152x152.png; sourceTree = "<group>"; };
		297B956018E3DDB5004D0510 /* ergosphere_logo_80x80.png */ = {isa = PBXFileReference; lastKnownFileType = image.png; path = ergosphere_logo_80x80.png; sourceTree = "<group>"; };
		297B956218E3DDD6004D0510 /* ergosphere_logo_40x40.png */ = {isa = PBXFileReference; lastKnownFileType = image.png; path = ergosphere_logo_40x40.png; sourceTree = "<group>"; };
		297B956418E3DDF4004D0510 /* ergosphere_logo_58x58.png */ = {isa = PBXFileReference; lastKnownFileType = image.png; path = ergosphere_logo_58x58.png; sourceTree = "<group>"; };
		297B956618E3DE10004D0510 /* ergosphere_logo_29x29.png */ = {isa = PBXFileReference; lastKnownFileType = image.png; path = ergosphere_logo_29x29.png; sourceTree = "<group>"; };
		29811BDA18E211000022FC32 /* Ergosphere.app */ = {isa = PBXFileReference; explicitFileType = wrapper.application; includeInIndex = 0; path = Ergosphere.app; sourceTree = BUILT_PRODUCTS_DIR; };
		29811BDD18E211000022FC32 /* Foundation.framework */ = {isa = PBXFileReference; lastKnownFileType = wrapper.framework; name = Foundation.framework; path = System/Library/Frameworks/Foundation.framework; sourceTree = SDKROOT; };
		29811BDF18E211000022FC32 /* CoreGraphics.framework */ = {isa = PBXFileReference; lastKnownFileType = wrapper.framework; name = CoreGraphics.framework; path = System/Library/Frameworks/CoreGraphics.framework; sourceTree = SDKROOT; };
		29811BE118E211000022FC32 /* UIKit.framework */ = {isa = PBXFileReference; lastKnownFileType = wrapper.framework; name = UIKit.framework; path = System/Library/Frameworks/UIKit.framework; sourceTree = SDKROOT; };
		29811BE518E211000022FC32 /* Ergosphere-Info.plist */ = {isa = PBXFileReference; lastKnownFileType = text.plist.xml; path = "Ergosphere-Info.plist"; sourceTree = "<group>"; };
		29811BE718E211000022FC32 /* en */ = {isa = PBXFileReference; lastKnownFileType = text.plist.strings; name = en; path = en.lproj/InfoPlist.strings; sourceTree = "<group>"; };
		29811BE918E211000022FC32 /* main.m */ = {isa = PBXFileReference; lastKnownFileType = sourcecode.c.objc; path = main.m; sourceTree = "<group>"; };
		29811BEB18E211000022FC32 /* Ergosphere-Prefix.pch */ = {isa = PBXFileReference; lastKnownFileType = sourcecode.c.h; path = "Ergosphere-Prefix.pch"; sourceTree = "<group>"; };
		29811BEC18E211000022FC32 /* AppDelegate.h */ = {isa = PBXFileReference; lastKnownFileType = sourcecode.c.h; path = AppDelegate.h; sourceTree = "<group>"; };
		29811BED18E211000022FC32 /* AppDelegate.m */ = {isa = PBXFileReference; lastKnownFileType = sourcecode.c.objc; path = AppDelegate.m; sourceTree = "<group>"; };
		29811BF018E211000022FC32 /* Base */ = {isa = PBXFileReference; lastKnownFileType = file.storyboard; name = Base; path = Base.lproj/Main_iPhone.storyboard; sourceTree = "<group>"; };
		29811BF318E211000022FC32 /* Base */ = {isa = PBXFileReference; lastKnownFileType = file.storyboard; name = Base; path = Base.lproj/Main_iPad.storyboard; sourceTree = "<group>"; };
		29811BF518E211000022FC32 /* ViewController.h */ = {isa = PBXFileReference; lastKnownFileType = sourcecode.c.h; path = ViewController.h; sourceTree = "<group>"; };
		29811BF618E211000022FC32 /* ViewController.m */ = {isa = PBXFileReference; lastKnownFileType = sourcecode.c.objc; path = ViewController.m; sourceTree = "<group>"; };
		29811BF818E211000022FC32 /* Images.xcassets */ = {isa = PBXFileReference; lastKnownFileType = folder.assetcatalog; path = Images.xcassets; sourceTree = "<group>"; };
		29811BFE18E211000022FC32 /* ErgosphereTests.xctest */ = {isa = PBXFileReference; explicitFileType = wrapper.cfbundle; includeInIndex = 0; path = ErgosphereTests.xctest; sourceTree = BUILT_PRODUCTS_DIR; };
		29811BFF18E211000022FC32 /* XCTest.framework */ = {isa = PBXFileReference; lastKnownFileType = wrapper.framework; name = XCTest.framework; path = Library/Frameworks/XCTest.framework; sourceTree = DEVELOPER_DIR; };
		29811C0718E211000022FC32 /* ErgosphereTests-Info.plist */ = {isa = PBXFileReference; lastKnownFileType = text.plist.xml; path = "ErgosphereTests-Info.plist"; sourceTree = "<group>"; };
		29811C0918E211000022FC32 /* en */ = {isa = PBXFileReference; lastKnownFileType = text.plist.strings; name = en; path = en.lproj/InfoPlist.strings; sourceTree = "<group>"; };
		29811C0B18E211000022FC32 /* ErgosphereTests.m */ = {isa = PBXFileReference; lastKnownFileType = sourcecode.c.objc; path = ErgosphereTests.m; sourceTree = "<group>"; };
		2999276218E7CE330041DF8E /* TopicDetailViewController.h */ = {isa = PBXFileReference; fileEncoding = 4; lastKnownFileType = sourcecode.c.h; name = TopicDetailViewController.h; path = Presentation/ViewControllers/TopicDetailViewController.h; sourceTree = "<group>"; };
		2999276318E7CE330041DF8E /* TopicDetailViewController.m */ = {isa = PBXFileReference; fileEncoding = 4; lastKnownFileType = sourcecode.c.objc; name = TopicDetailViewController.m; path = Presentation/ViewControllers/TopicDetailViewController.m; sourceTree = "<group>"; };
		299CE81518E3D32000A910A9 /* ergosphere_logo.png */ = {isa = PBXFileReference; lastKnownFileType = image.png; path = ergosphere_logo.png; sourceTree = "<group>"; };
		29A742B318E21198002B8332 /* PixateFreestyle.framework */ = {isa = PBXFileReference; lastKnownFileType = wrapper.framework; name = PixateFreestyle.framework; path = ../../../Desktop/PixateFreestyle/PixateFreestyle.framework; sourceTree = "<group>"; };
		29A74ACE18E21359002B8332 /* default.css */ = {isa = PBXFileReference; fileEncoding = 4; lastKnownFileType = text.css; name = default.css; path = ../default.css; sourceTree = "<group>"; };
		29E66E3318EBA2E30084ABE3 /* launch_640x960.png */ = {isa = PBXFileReference; lastKnownFileType = image.png; path = launch_640x960.png; sourceTree = "<group>"; };
		29E66E3518EBA32C0084ABE3 /* launch_640x1136.png */ = {isa = PBXFileReference; lastKnownFileType = image.png; path = launch_640x1136.png; sourceTree = "<group>"; };
/* End PBXFileReference section */

/* Begin PBXFrameworksBuildPhase section */
		29811BD718E211000022FC32 /* Frameworks */ = {
			isa = PBXFrameworksBuildPhase;
			buildActionMask = 2147483647;
			files = (
				29811BE018E211000022FC32 /* CoreGraphics.framework in Frameworks */,
				29811BE218E211000022FC32 /* UIKit.framework in Frameworks */,
				29811BDE18E211000022FC32 /* Foundation.framework in Frameworks */,
				29A7470518E2119B002B8332 /* PixateFreestyle.framework in Frameworks */,
			);
			runOnlyForDeploymentPostprocessing = 0;
		};
		29811BFB18E211000022FC32 /* Frameworks */ = {
			isa = PBXFrameworksBuildPhase;
			buildActionMask = 2147483647;
			files = (
				29811C0018E211000022FC32 /* XCTest.framework in Frameworks */,
				29811C0218E211000022FC32 /* UIKit.framework in Frameworks */,
				29811C0118E211000022FC32 /* Foundation.framework in Frameworks */,
			);
			runOnlyForDeploymentPostprocessing = 0;
		};
/* End PBXFrameworksBuildPhase section */

/* Begin PBXGroup section */
		29811BD118E211000022FC32 = {
			isa = PBXGroup;
			children = (
				29811BE318E211000022FC32 /* Ergosphere */,
				29811C0518E211000022FC32 /* ErgosphereTests */,
				29811BDC18E211000022FC32 /* Frameworks */,
				29811BDB18E211000022FC32 /* Products */,
			);
			sourceTree = "<group>";
		};
		29811BDB18E211000022FC32 /* Products */ = {
			isa = PBXGroup;
			children = (
				29811BDA18E211000022FC32 /* Ergosphere.app */,
				29811BFE18E211000022FC32 /* ErgosphereTests.xctest */,
			);
			name = Products;
			sourceTree = "<group>";
		};
		29811BDC18E211000022FC32 /* Frameworks */ = {
			isa = PBXGroup;
			children = (
				29811BDD18E211000022FC32 /* Foundation.framework */,
				29811BDF18E211000022FC32 /* CoreGraphics.framework */,
				29811BE118E211000022FC32 /* UIKit.framework */,
				29811BFF18E211000022FC32 /* XCTest.framework */,
			);
			name = Frameworks;
			sourceTree = "<group>";
		};
		29811BE318E211000022FC32 /* Ergosphere */ = {
			isa = PBXGroup;
			children = (
				299CE81318E3D32000A910A9 /* Assets */,
				2999275D18E7C8F50041DF8E /* Logic */,
				2999275C18E7C8B60041DF8E /* Frameworks */,
				2999275F18E7C9150041DF8E /* Presentation */,
				29811BED18E211000022FC32 /* AppDelegate.m */,
				29811BEC18E211000022FC32 /* AppDelegate.h */,
				29811BEF18E211000022FC32 /* Main_iPhone.storyboard */,
				29811BF218E211000022FC32 /* Main_iPad.storyboard */,
				29811BF518E211000022FC32 /* ViewController.h */,
				29811BF618E211000022FC32 /* ViewController.m */,
				29811BF818E211000022FC32 /* Images.xcassets */,
				29811BE418E211000022FC32 /* Supporting Files */,
			);
			path = Ergosphere;
			sourceTree = "<group>";
		};
		29811BE418E211000022FC32 /* Supporting Files */ = {
			isa = PBXGroup;
			children = (
				29811BE518E211000022FC32 /* Ergosphere-Info.plist */,
				29811BE618E211000022FC32 /* InfoPlist.strings */,
				29811BE918E211000022FC32 /* main.m */,
				29811BEB18E211000022FC32 /* Ergosphere-Prefix.pch */,
			);
			name = "Supporting Files";
			sourceTree = "<group>";
		};
		29811C0518E211000022FC32 /* ErgosphereTests */ = {
			isa = PBXGroup;
			children = (
				29811C0B18E211000022FC32 /* ErgosphereTests.m */,
				29811C0618E211000022FC32 /* Supporting Files */,
			);
			path = ErgosphereTests;
			sourceTree = "<group>";
		};
		29811C0618E211000022FC32 /* Supporting Files */ = {
			isa = PBXGroup;
			children = (
				29811C0718E211000022FC32 /* ErgosphereTests-Info.plist */,
				29811C0818E211000022FC32 /* InfoPlist.strings */,
			);
			name = "Supporting Files";
			sourceTree = "<group>";
		};
		2999275C18E7C8B60041DF8E /* Frameworks */ = {
			isa = PBXGroup;
			children = (
				29A742B318E21198002B8332 /* PixateFreestyle.framework */,
			);
			name = Frameworks;
			sourceTree = "<group>";
		};
		2999275D18E7C8F50041DF8E /* Logic */ = {
			isa = PBXGroup;
			children = (
				2999275E18E7C8FE0041DF8E /* Models */,
			);
			name = Logic;
			sourceTree = "<group>";
		};
		2999275E18E7C8FE0041DF8E /* Models */ = {
			isa = PBXGroup;
			children = (
			);
			name = Models;
			sourceTree = "<group>";
		};
		2999275F18E7C9150041DF8E /* Presentation */ = {
			isa = PBXGroup;
			children = (
				2999276118E7C91E0041DF8E /* ViewControllers */,
				2999276018E7C91B0041DF8E /* Views */,
			);
			name = Presentation;
			sourceTree = "<group>";
		};
		2999276018E7C91B0041DF8E /* Views */ = {
			isa = PBXGroup;
			children = (
			);
			name = Views;
			sourceTree = "<group>";
		};
		2999276118E7C91E0041DF8E /* ViewControllers */ = {
			isa = PBXGroup;
			children = (
				2999276218E7CE330041DF8E /* TopicDetailViewController.h */,
				2999276318E7CE330041DF8E /* TopicDetailViewController.m */,
			);
			name = ViewControllers;
			sourceTree = "<group>";
		};
		2999276518E7CE480041DF8E /* CSS */ = {
			isa = PBXGroup;
			children = (
				29A74ACE18E21359002B8332 /* default.css */,
			);
			name = CSS;
			sourceTree = "<group>";
		};
		299CE81318E3D32000A910A9 /* Assets */ = {
			isa = PBXGroup;
			children = (
				2999276518E7CE480041DF8E /* CSS */,
				299CE81418E3D32000A910A9 /* Images */,
			);
			path = Assets;
			sourceTree = "<group>";
		};
		299CE81418E3D32000A910A9 /* Images */ = {
			isa = PBXGroup;
			children = (
				29E66E3518EBA32C0084ABE3 /* launch_640x1136.png */,
				29E66E3318EBA2E30084ABE3 /* launch_640x960.png */,
				294382C618E683C700D7323A /* home-header.png */,
				294382C418E6593600D7323A /* launch_768x1024@2x.png */,
				29729EBE18E658B3003D8BE3 /* launch_768x1024.png */,
				29729EC018E658B3003D8BE3 /* launch_1024x768.png */,
				29729EC118E658B3003D8BE3 /* launch_1024x768@2x.png */,
				297B956618E3DE10004D0510 /* ergosphere_logo_29x29.png */,
				297B956418E3DDF4004D0510 /* ergosphere_logo_58x58.png */,
				297B956218E3DDD6004D0510 /* ergosphere_logo_40x40.png */,
				297B956018E3DDB5004D0510 /* ergosphere_logo_80x80.png */,
				297B955E18E3DD31004D0510 /* ergosphere_logo_152x152.png */,
				297B955C18E3DCEE004D0510 /* ergosphere_logo_120x120.png */,
				297B955A18E3DC10004D0510 /* ergosphere_logo_76x76.png */,
				299CE81518E3D32000A910A9 /* ergosphere_logo.png */,
			);
			path = Images;
			sourceTree = "<group>";
		};
/* End PBXGroup section */

/* Begin PBXNativeTarget section */
		29811BD918E211000022FC32 /* Ergosphere */ = {
			isa = PBXNativeTarget;
			buildConfigurationList = 29811C0F18E211000022FC32 /* Build configuration list for PBXNativeTarget "Ergosphere" */;
			buildPhases = (
				29811BD618E211000022FC32 /* Sources */,
				29811BD718E211000022FC32 /* Frameworks */,
				29811BD818E211000022FC32 /* Resources */,
			);
			buildRules = (
			);
			dependencies = (
			);
			name = Ergosphere;
			productName = Ergosphere;
			productReference = 29811BDA18E211000022FC32 /* Ergosphere.app */;
			productType = "com.apple.product-type.application";
		};
		29811BFD18E211000022FC32 /* ErgosphereTests */ = {
			isa = PBXNativeTarget;
			buildConfigurationList = 29811C1218E211000022FC32 /* Build configuration list for PBXNativeTarget "ErgosphereTests" */;
			buildPhases = (
				29811BFA18E211000022FC32 /* Sources */,
				29811BFB18E211000022FC32 /* Frameworks */,
				29811BFC18E211000022FC32 /* Resources */,
			);
			buildRules = (
			);
			dependencies = (
				29811C0418E211000022FC32 /* PBXTargetDependency */,
			);
			name = ErgosphereTests;
			productName = ErgosphereTests;
			productReference = 29811BFE18E211000022FC32 /* ErgosphereTests.xctest */;
			productType = "com.apple.product-type.bundle.unit-test";
		};
/* End PBXNativeTarget section */

/* Begin PBXProject section */
		29811BD218E211000022FC32 /* Project object */ = {
			isa = PBXProject;
			attributes = {
				LastUpgradeCheck = 0510;
				ORGANIZATIONNAME = "Rachel Schifano";
				TargetAttributes = {
					29811BFD18E211000022FC32 = {
						TestTargetID = 29811BD918E211000022FC32;
					};
				};
			};
			buildConfigurationList = 29811BD518E211000022FC32 /* Build configuration list for PBXProject "Ergosphere" */;
			compatibilityVersion = "Xcode 3.2";
			developmentRegion = English;
			hasScannedForEncodings = 0;
			knownRegions = (
				en,
				Base,
			);
			mainGroup = 29811BD118E211000022FC32;
			productRefGroup = 29811BDB18E211000022FC32 /* Products */;
			projectDirPath = "";
			projectRoot = "";
			targets = (
				29811BD918E211000022FC32 /* Ergosphere */,
				29811BFD18E211000022FC32 /* ErgosphereTests */,
			);
		};
/* End PBXProject section */

/* Begin PBXResourcesBuildPhase section */
		29811BD818E211000022FC32 /* Resources */ = {
			isa = PBXResourcesBuildPhase;
			buildActionMask = 2147483647;
			files = (
				29E66E3418EBA2E30084ABE3 /* launch_640x960.png in Resources */,
				29E66E3618EBA32C0084ABE3 /* launch_640x1136.png in Resources */,
				29811BF418E211000022FC32 /* Main_iPad.storyboard in Resources */,
				297B955F18E3DD31004D0510 /* ergosphere_logo_152x152.png in Resources */,
				29A74ACF18E21359002B8332 /* default.css in Resources */,
				29729EC418E658B3003D8BE3 /* launch_1024x768.png in Resources */,
				297B956118E3DDB5004D0510 /* ergosphere_logo_80x80.png in Resources */,
				29811BF918E211000022FC32 /* Images.xcassets in Resources */,
				29811BF118E211000022FC32 /* Main_iPhone.storyboard in Resources */,
				297B955B18E3DC10004D0510 /* ergosphere_logo_76x76.png in Resources */,
				297B956318E3DDD6004D0510 /* ergosphere_logo_40x40.png in Resources */,
				29729EC518E658B3003D8BE3 /* launch_1024x768@2x.png in Resources */,
				29729EC218E658B3003D8BE3 /* launch_768x1024.png in Resources */,
				294382C718E683C700D7323A /* home-header.png in Resources */,
				299CE81618E3D32000A910A9 /* ergosphere_logo.png in Resources */,
				297B956518E3DDF4004D0510 /* ergosphere_logo_58x58.png in Resources */,
				294382C518E6593600D7323A /* launch_768x1024@2x.png in Resources */,
				29811BE818E211000022FC32 /* InfoPlist.strings in Resources */,
				297B956718E3DE10004D0510 /* ergosphere_logo_29x29.png in Resources */,
				297B955D18E3DCEE004D0510 /* ergosphere_logo_120x120.png in Resources */,
			);
			runOnlyForDeploymentPostprocessing = 0;
		};
		29811BFC18E211000022FC32 /* Resources */ = {
			isa = PBXResourcesBuildPhase;
			buildActionMask = 2147483647;
			files = (
				29811C0A18E211000022FC32 /* InfoPlist.strings in Resources */,
			);
			runOnlyForDeploymentPostprocessing = 0;
		};
/* End PBXResourcesBuildPhase section */

/* Begin PBXSourcesBuildPhase section */
		29811BD618E211000022FC32 /* Sources */ = {
			isa = PBXSourcesBuildPhase;
			buildActionMask = 2147483647;
			files = (
				29811BF718E211000022FC32 /* ViewController.m in Sources */,
				2999276418E7CE330041DF8E /* TopicDetailViewController.m in Sources */,
				29811BEE18E211000022FC32 /* AppDelegate.m in Sources */,
				29811BEA18E211000022FC32 /* main.m in Sources */,
			);
			runOnlyForDeploymentPostprocessing = 0;
		};
		29811BFA18E211000022FC32 /* Sources */ = {
			isa = PBXSourcesBuildPhase;
			buildActionMask = 2147483647;
			files = (
				29811C0C18E211000022FC32 /* ErgosphereTests.m in Sources */,
			);
			runOnlyForDeploymentPostprocessing = 0;
		};
/* End PBXSourcesBuildPhase section */

/* Begin PBXTargetDependency section */
		29811C0418E211000022FC32 /* PBXTargetDependency */ = {
			isa = PBXTargetDependency;
			target = 29811BD918E211000022FC32 /* Ergosphere */;
			targetProxy = 29811C0318E211000022FC32 /* PBXContainerItemProxy */;
		};
/* End PBXTargetDependency section */

/* Begin PBXVariantGroup section */
		29811BE618E211000022FC32 /* InfoPlist.strings */ = {
			isa = PBXVariantGroup;
			children = (
				29811BE718E211000022FC32 /* en */,
			);
			name = InfoPlist.strings;
			sourceTree = "<group>";
		};
		29811BEF18E211000022FC32 /* Main_iPhone.storyboard */ = {
			isa = PBXVariantGroup;
			children = (
				29811BF018E211000022FC32 /* Base */,
			);
			name = Main_iPhone.storyboard;
			sourceTree = "<group>";
		};
		29811BF218E211000022FC32 /* Main_iPad.storyboard */ = {
			isa = PBXVariantGroup;
			children = (
				29811BF318E211000022FC32 /* Base */,
			);
			name = Main_iPad.storyboard;
			sourceTree = "<group>";
		};
		29811C0818E211000022FC32 /* InfoPlist.strings */ = {
			isa = PBXVariantGroup;
			children = (
				29811C0918E211000022FC32 /* en */,
			);
			name = InfoPlist.strings;
			sourceTree = "<group>";
		};
/* End PBXVariantGroup section */

/* Begin XCBuildConfiguration section */
		29811C0D18E211000022FC32 /* Debug */ = {
			isa = XCBuildConfiguration;
			buildSettings = {
				ALWAYS_SEARCH_USER_PATHS = NO;
				CLANG_CXX_LANGUAGE_STANDARD = "gnu++0x";
				CLANG_CXX_LIBRARY = "libc++";
				CLANG_ENABLE_MODULES = YES;
				CLANG_ENABLE_OBJC_ARC = YES;
				CLANG_WARN_BOOL_CONVERSION = YES;
				CLANG_WARN_CONSTANT_CONVERSION = YES;
				CLANG_WARN_DIRECT_OBJC_ISA_USAGE = YES_ERROR;
				CLANG_WARN_EMPTY_BODY = YES;
				CLANG_WARN_ENUM_CONVERSION = YES;
				CLANG_WARN_INT_CONVERSION = YES;
				CLANG_WARN_OBJC_ROOT_CLASS = YES_ERROR;
				CLANG_WARN__DUPLICATE_METHOD_MATCH = YES;
				"CODE_SIGN_IDENTITY[sdk=iphoneos*]" = "iPhone Developer";
				COPY_PHASE_STRIP = NO;
				GCC_C_LANGUAGE_STANDARD = gnu99;
				GCC_DYNAMIC_NO_PIC = NO;
				GCC_OPTIMIZATION_LEVEL = 0;
				GCC_PREPROCESSOR_DEFINITIONS = (
					"DEBUG=1",
					"$(inherited)",
				);
				GCC_SYMBOLS_PRIVATE_EXTERN = NO;
				GCC_WARN_64_TO_32_BIT_CONVERSION = YES;
				GCC_WARN_ABOUT_RETURN_TYPE = YES_ERROR;
				GCC_WARN_UNDECLARED_SELECTOR = YES;
				GCC_WARN_UNINITIALIZED_AUTOS = YES_AGGRESSIVE;
				GCC_WARN_UNUSED_FUNCTION = YES;
				GCC_WARN_UNUSED_VARIABLE = YES;
				IPHONEOS_DEPLOYMENT_TARGET = 7.1;
				ONLY_ACTIVE_ARCH = YES;
				SDKROOT = iphoneos;
				TARGETED_DEVICE_FAMILY = "1,2";
			};
			name = Debug;
		};
		29811C0E18E211000022FC32 /* Release */ = {
			isa = XCBuildConfiguration;
			buildSettings = {
				ALWAYS_SEARCH_USER_PATHS = NO;
				CLANG_CXX_LANGUAGE_STANDARD = "gnu++0x";
				CLANG_CXX_LIBRARY = "libc++";
				CLANG_ENABLE_MODULES = YES;
				CLANG_ENABLE_OBJC_ARC = YES;
				CLANG_WARN_BOOL_CONVERSION = YES;
				CLANG_WARN_CONSTANT_CONVERSION = YES;
				CLANG_WARN_DIRECT_OBJC_ISA_USAGE = YES_ERROR;
				CLANG_WARN_EMPTY_BODY = YES;
				CLANG_WARN_ENUM_CONVERSION = YES;
				CLANG_WARN_INT_CONVERSION = YES;
				CLANG_WARN_OBJC_ROOT_CLASS = YES_ERROR;
				CLANG_WARN__DUPLICATE_METHOD_MATCH = YES;
				"CODE_SIGN_IDENTITY[sdk=iphoneos*]" = "iPhone Developer";
				COPY_PHASE_STRIP = YES;
				ENABLE_NS_ASSERTIONS = NO;
				GCC_C_LANGUAGE_STANDARD = gnu99;
				GCC_WARN_64_TO_32_BIT_CONVERSION = YES;
				GCC_WARN_ABOUT_RETURN_TYPE = YES_ERROR;
				GCC_WARN_UNDECLARED_SELECTOR = YES;
				GCC_WARN_UNINITIALIZED_AUTOS = YES_AGGRESSIVE;
				GCC_WARN_UNUSED_FUNCTION = YES;
				GCC_WARN_UNUSED_VARIABLE = YES;
				IPHONEOS_DEPLOYMENT_TARGET = 7.1;
				SDKROOT = iphoneos;
				TARGETED_DEVICE_FAMILY = "1,2";
				VALIDATE_PRODUCT = YES;
			};
			name = Release;
		};
		29811C1018E211000022FC32 /* Debug */ = {
			isa = XCBuildConfiguration;
			buildSettings = {
				FRAMEWORK_SEARCH_PATHS = (
					"$(inherited)",
					/Users/schifano/Desktop/PixateFreestyle,
				);
				GCC_PRECOMPILE_PREFIX_HEADER = YES;
				GCC_PREFIX_HEADER = "Ergosphere/Ergosphere-Prefix.pch";
				INFOPLIST_FILE = "Ergosphere/Ergosphere-Info.plist";
				PRODUCT_NAME = "$(TARGET_NAME)";
				TARGETED_DEVICE_FAMILY = "1,2";
				WRAPPER_EXTENSION = app;
			};
			name = Debug;
		};
		29811C1118E211000022FC32 /* Release */ = {
			isa = XCBuildConfiguration;
			buildSettings = {
				FRAMEWORK_SEARCH_PATHS = (
					"$(inherited)",
					/Users/schifano/Desktop/PixateFreestyle,
				);
				GCC_PRECOMPILE_PREFIX_HEADER = YES;
				GCC_PREFIX_HEADER = "Ergosphere/Ergosphere-Prefix.pch";
				INFOPLIST_FILE = "Ergosphere/Ergosphere-Info.plist";
				PRODUCT_NAME = "$(TARGET_NAME)";
				TARGETED_DEVICE_FAMILY = "1,2";
				WRAPPER_EXTENSION = app;
			};
			name = Release;
		};
		29811C1318E211000022FC32 /* Debug */ = {
			isa = XCBuildConfiguration;
			buildSettings = {
				BUNDLE_LOADER = "$(BUILT_PRODUCTS_DIR)/Ergosphere.app/Ergosphere";
				FRAMEWORK_SEARCH_PATHS = (
					"$(SDKROOT)/Developer/Library/Frameworks",
					"$(inherited)",
					"$(DEVELOPER_FRAMEWORKS_DIR)",
				);
				GCC_PRECOMPILE_PREFIX_HEADER = YES;
				GCC_PREFIX_HEADER = "Ergosphere/Ergosphere-Prefix.pch";
				GCC_PREPROCESSOR_DEFINITIONS = (
					"DEBUG=1",
					"$(inherited)",
				);
				INFOPLIST_FILE = "ErgosphereTests/ErgosphereTests-Info.plist";
				PRODUCT_NAME = "$(TARGET_NAME)";
				TEST_HOST = "$(BUNDLE_LOADER)";
				WRAPPER_EXTENSION = xctest;
			};
			name = Debug;
		};
		29811C1418E211000022FC32 /* Release */ = {
			isa = XCBuildConfiguration;
			buildSettings = {
				BUNDLE_LOADER = "$(BUILT_PRODUCTS_DIR)/Ergosphere.app/Ergosphere";
				FRAMEWORK_SEARCH_PATHS = (
					"$(SDKROOT)/Developer/Library/Frameworks",
					"$(inherited)",
					"$(DEVELOPER_FRAMEWORKS_DIR)",
				);
				GCC_PRECOMPILE_PREFIX_HEADER = YES;
				GCC_PREFIX_HEADER = "Ergosphere/Ergosphere-Prefix.pch";
				INFOPLIST_FILE = "ErgosphereTests/ErgosphereTests-Info.plist";
				PRODUCT_NAME = "$(TARGET_NAME)";
				TEST_HOST = "$(BUNDLE_LOADER)";
				WRAPPER_EXTENSION = xctest;
			};
			name = Release;
		};
/* End XCBuildConfiguration section */

/* Begin XCConfigurationList section */
		29811BD518E211000022FC32 /* Build configuration list for PBXProject "Ergosphere" */ = {
			isa = XCConfigurationList;
			buildConfigurations = (
				29811C0D18E211000022FC32 /* Debug */,
				29811C0E18E211000022FC32 /* Release */,
			);
			defaultConfigurationIsVisible = 0;
			defaultConfigurationName = Release;
		};
		29811C0F18E211000022FC32 /* Build configuration list for PBXNativeTarget "Ergosphere" */ = {
			isa = XCConfigurationList;
			buildConfigurations = (
				29811C1018E211000022FC32 /* Debug */,
				29811C1118E211000022FC32 /* Release */,
			);
			defaultConfigurationIsVisible = 0;
			defaultConfigurationName = Release;
		};
		29811C1218E211000022FC32 /* Build configuration list for PBXNativeTarget "ErgosphereTests" */ = {
			isa = XCConfigurationList;
			buildConfigurations = (
				29811C1318E211000022FC32 /* Debug */,
				29811C1418E211000022FC32 /* Release */,
			);
			defaultConfigurationIsVisible = 0;
			defaultConfigurationName = Release;
		};
/* End XCConfigurationList section */
	};
	rootObject = 29811BD218E211000022FC32 /* Project object */;
}
